
Microsoft Visual Studio Solution File, Format Version 12.00
# Visual Studio Version 16
VisualStudioVersion = 16.0.28711.60
MinimumVisualStudioVersion = 10.0.40219.1
Project("{9A19103F-16F7-4668-BE54-9A1E7A4F7556}") = "FluffySpoon.AspNet.Templates", "FluffySpoon.AspNet.Templates\FluffySpoon.AspNet.Templates.csproj", "{BF1DB47A-CA4E-41E3-B2AF-10AF04681C32}"
EndProject
Project("{9A19103F-16F7-4668-BE54-9A1E7A4F7556}") = "FluffySpoon.AspNet.Templates.Sample", "FluffySpoon.AspNet.Templates.Sample\FluffySpoon.AspNet.Templates.Sample.csproj", "{4604FB58-D2C8-427A-9E85-D98AE75E4E53}"
EndProject
Global
	GlobalSection(SolutionConfigurationPlatforms) = preSolution
		Debug|Any CPU = Debug|Any CPU
		Release|Any CPU = Release|Any CPU
	EndGlobalSection
	GlobalSection(ProjectConfigurationPlatforms) = postSolution
		{BF1DB47A-CA4E-41E3-B2AF-10AF04681C32}.Debug|Any CPU.ActiveCfg = Debug|Any CPU
		{BF1DB47A-CA4E-41E3-B2AF-10AF04681C32}.Debug|Any CPU.Build.0 = Debug|Any CPU
		{BF1DB47A-CA4E-41E3-B2AF-10AF04681C32}.Release|Any CPU.ActiveCfg = Release|Any CPU
		{BF1DB47A-CA4E-41E3-B2AF-10AF04681C32}.Release|Any CPU.Build.0 = Release|Any CPU
		{4604FB58-D2C8-427A-9E85-D98AE75E4E53}.Debug|Any CPU.ActiveCfg = Debug|Any CPU
		{4604FB58-D2C8-427A-9E85-D98AE75E4E53}.Debug|Any CPU.Build.0 = Debug|Any CPU
		{4604FB58-D2C8-427A-9E85-D98AE75E4E53}.Release|Any CPU.ActiveCfg = Release|Any CPU
		{4604FB58-D2C8-427A-9E85-D98AE75E4E53}.Release|Any CPU.Build.0 = Release|Any CPU
	EndGlobalSection
	GlobalSection(SolutionProperties) = preSolution
		HideSolutionNode = FALSE
	EndGlobalSection
	GlobalSection(ExtensibilityGlobals) = postSolution
		SolutionGuid = {7775ADE2-A87A-4C77-AB6F-6770F69570E7}
	EndGlobalSection
EndGlobal
